// !$*UTF8*$!
{
	archiveVersion = 1;
	classes = {
	};
	objectVersion = 51;
	objects = {

/* Begin PBXBuildFile section */
		19298FE6B8615CB3B8359B65 /* Pods_iOSExampleTests.framework in Frameworks */ = {isa = PBXBuildFile; fileRef = F641EBDFA9D034EBED5A007B /* Pods_iOSExampleTests.framework */; };
		43047B1C24FBDC9D00A8B303 /* AppDelegate.swift in Sources */ = {isa = PBXBuildFile; fileRef = 43047B1B24FBDC9D00A8B303 /* AppDelegate.swift */; };
		43047B2024FBDC9D00A8B303 /* ViewController.swift in Sources */ = {isa = PBXBuildFile; fileRef = 43047B1F24FBDC9D00A8B303 /* ViewController.swift */; };
		43047B2324FBDC9D00A8B303 /* Main.storyboard in Resources */ = {isa = PBXBuildFile; fileRef = 43047B2124FBDC9D00A8B303 /* Main.storyboard */; };
		43047B2524FBDC9E00A8B303 /* Assets.xcassets in Resources */ = {isa = PBXBuildFile; fileRef = 43047B2424FBDC9E00A8B303 /* Assets.xcassets */; };
		43047B2824FBDC9E00A8B303 /* LaunchScreen.storyboard in Resources */ = {isa = PBXBuildFile; fileRef = 43047B2624FBDC9E00A8B303 /* LaunchScreen.storyboard */; };
		4353977724FBEB5600DC3EE2 /* iOSExampleTests.swift in Sources */ = {isa = PBXBuildFile; fileRef = 4353977624FBEB5600DC3EE2 /* iOSExampleTests.swift */; };
		4353977924FBEB9000DC3EE2 /* SecureKeychainTests.swift in Sources */ = {isa = PBXBuildFile; fileRef = 4353977824FBEB9000DC3EE2 /* SecureKeychainTests.swift */; };
		A08121A1929348922332A147 /* Pods_iOSExample.framework in Frameworks */ = {isa = PBXBuildFile; fileRef = BC4891E7F789D895F10D79D9 /* Pods_iOSExample.framework */; };
/* End PBXBuildFile section */

/* Begin PBXContainerItemProxy section */
		43047B2F24FBDC9E00A8B303 /* PBXContainerItemProxy */ = {
			isa = PBXContainerItemProxy;
			containerPortal = 43047B1024FBDC9D00A8B303 /* Project object */;
			proxyType = 1;
			remoteGlobalIDString = 43047B1724FBDC9D00A8B303;
			remoteInfo = iOSExample;
		};
/* End PBXContainerItemProxy section */

/* Begin PBXFileReference section */
		43047B1824FBDC9D00A8B303 /* iOSExample.app */ = {isa = PBXFileReference; explicitFileType = wrapper.application; includeInIndex = 0; path = iOSExample.app; sourceTree = BUILT_PRODUCTS_DIR; };
		43047B1B24FBDC9D00A8B303 /* AppDelegate.swift */ = {isa = PBXFileReference; lastKnownFileType = sourcecode.swift; path = AppDelegate.swift; sourceTree = "<group>"; };
		43047B1F24FBDC9D00A8B303 /* ViewController.swift */ = {isa = PBXFileReference; lastKnownFileType = sourcecode.swift; path = ViewController.swift; sourceTree = "<group>"; };
		43047B2224FBDC9D00A8B303 /* Base */ = {isa = PBXFileReference; lastKnownFileType = file.storyboard; name = Base; path = Base.lproj/Main.storyboard; sourceTree = "<group>"; };
		43047B2424FBDC9E00A8B303 /* Assets.xcassets */ = {isa = PBXFileReference; lastKnownFileType = folder.assetcatalog; path = Assets.xcassets; sourceTree = "<group>"; };
		43047B2724FBDC9E00A8B303 /* Base */ = {isa = PBXFileReference; lastKnownFileType = file.storyboard; name = Base; path = Base.lproj/LaunchScreen.storyboard; sourceTree = "<group>"; };
		43047B2924FBDC9E00A8B303 /* Info.plist */ = {isa = PBXFileReference; lastKnownFileType = text.plist.xml; path = Info.plist; sourceTree = "<group>"; };
		43047B2E24FBDC9E00A8B303 /* iOSExampleTests.xctest */ = {isa = PBXFileReference; explicitFileType = wrapper.cfbundle; includeInIndex = 0; path = iOSExampleTests.xctest; sourceTree = BUILT_PRODUCTS_DIR; };
		43047B3424FBDC9E00A8B303 /* Info.plist */ = {isa = PBXFileReference; lastKnownFileType = text.plist.xml; path = Info.plist; sourceTree = "<group>"; };
		4353977324FBE98800DC3EE2 /* iOSExampleTests-Bridging-Header.h */ = {isa = PBXFileReference; lastKnownFileType = sourcecode.c.h; path = "iOSExampleTests-Bridging-Header.h"; sourceTree = "<group>"; };
		4353977624FBEB5600DC3EE2 /* iOSExampleTests.swift */ = {isa = PBXFileReference; fileEncoding = 4; lastKnownFileType = sourcecode.swift; path = iOSExampleTests.swift; sourceTree = "<group>"; };
		4353977824FBEB9000DC3EE2 /* SecureKeychainTests.swift */ = {isa = PBXFileReference; fileEncoding = 4; lastKnownFileType = sourcecode.swift; path = SecureKeychainTests.swift; sourceTree = "<group>"; };
		43DC491F24FBE1B600AFEDD1 /* iOSExample.entitlements */ = {isa = PBXFileReference; lastKnownFileType = text.plist.entitlements; path = iOSExample.entitlements; sourceTree = "<group>"; };
		7E62A5F5D2DA2A4209144007 /* Pods-iOSExample.release.xcconfig */ = {isa = PBXFileReference; includeInIndex = 1; lastKnownFileType = text.xcconfig; name = "Pods-iOSExample.release.xcconfig"; path = "Target Support Files/Pods-iOSExample/Pods-iOSExample.release.xcconfig"; sourceTree = "<group>"; };
		80870F9B6BB2688B20C2F171 /* Pods-iOSExampleTests.release.xcconfig */ = {isa = PBXFileReference; includeInIndex = 1; lastKnownFileType = text.xcconfig; name = "Pods-iOSExampleTests.release.xcconfig"; path = "Target Support Files/Pods-iOSExampleTests/Pods-iOSExampleTests.release.xcconfig"; sourceTree = "<group>"; };
		A42FBDFFCEDA1B6C0E994D03 /* Pods-iOSExampleTests.debug.xcconfig */ = {isa = PBXFileReference; includeInIndex = 1; lastKnownFileType = text.xcconfig; name = "Pods-iOSExampleTests.debug.xcconfig"; path = "Target Support Files/Pods-iOSExampleTests/Pods-iOSExampleTests.debug.xcconfig"; sourceTree = "<group>"; };
		BC4891E7F789D895F10D79D9 /* Pods_iOSExample.framework */ = {isa = PBXFileReference; explicitFileType = wrapper.framework; includeInIndex = 0; path = Pods_iOSExample.framework; sourceTree = BUILT_PRODUCTS_DIR; };
		F118691234E459D49CD7FCAF /* Pods-iOSExample.debug.xcconfig */ = {isa = PBXFileReference; includeInIndex = 1; lastKnownFileType = text.xcconfig; name = "Pods-iOSExample.debug.xcconfig"; path = "Target Support Files/Pods-iOSExample/Pods-iOSExample.debug.xcconfig"; sourceTree = "<group>"; };
		F641EBDFA9D034EBED5A007B /* Pods_iOSExampleTests.framework */ = {isa = PBXFileReference; explicitFileType = wrapper.framework; includeInIndex = 0; path = Pods_iOSExampleTests.framework; sourceTree = BUILT_PRODUCTS_DIR; };
/* End PBXFileReference section */

/* Begin PBXFrameworksBuildPhase section */
		43047B1524FBDC9D00A8B303 /* Frameworks */ = {
			isa = PBXFrameworksBuildPhase;
			buildActionMask = 2147483647;
			files = (
				A08121A1929348922332A147 /* Pods_iOSExample.framework in Frameworks */,
			);
			runOnlyForDeploymentPostprocessing = 0;
		};
		43047B2B24FBDC9E00A8B303 /* Frameworks */ = {
			isa = PBXFrameworksBuildPhase;
			buildActionMask = 2147483647;
			files = (
				19298FE6B8615CB3B8359B65 /* Pods_iOSExampleTests.framework in Frameworks */,
			);
			runOnlyForDeploymentPostprocessing = 0;
		};
/* End PBXFrameworksBuildPhase section */

/* Begin PBXGroup section */
		43047B0F24FBDC9D00A8B303 = {
			isa = PBXGroup;
			children = (
				43047B1A24FBDC9D00A8B303 /* iOSExample */,
				43047B3124FBDC9E00A8B303 /* iOSExampleTests */,
				43047B1924FBDC9D00A8B303 /* Products */,
				BB6EB75ECAC15EB609270FF7 /* Pods */,
				A31A2EB4A9AEE2EE9D991BB1 /* Frameworks */,
			);
			sourceTree = "<group>";
		};
		43047B1924FBDC9D00A8B303 /* Products */ = {
			isa = PBXGroup;
			children = (
				43047B1824FBDC9D00A8B303 /* iOSExample.app */,
				43047B2E24FBDC9E00A8B303 /* iOSExampleTests.xctest */,
			);
			name = Products;
			sourceTree = "<group>";
		};
		43047B1A24FBDC9D00A8B303 /* iOSExample */ = {
			isa = PBXGroup;
			children = (
				43DC491F24FBE1B600AFEDD1 /* iOSExample.entitlements */,
				43047B1B24FBDC9D00A8B303 /* AppDelegate.swift */,
				43047B1F24FBDC9D00A8B303 /* ViewController.swift */,
				43047B2124FBDC9D00A8B303 /* Main.storyboard */,
				43047B2424FBDC9E00A8B303 /* Assets.xcassets */,
				43047B2624FBDC9E00A8B303 /* LaunchScreen.storyboard */,
				43047B2924FBDC9E00A8B303 /* Info.plist */,
			);
			path = iOSExample;
			sourceTree = "<group>";
		};
		43047B3124FBDC9E00A8B303 /* iOSExampleTests */ = {
			isa = PBXGroup;
			children = (
				4353977824FBEB9000DC3EE2 /* SecureKeychainTests.swift */,
				4353977624FBEB5600DC3EE2 /* iOSExampleTests.swift */,
				43047B3424FBDC9E00A8B303 /* Info.plist */,
				4353977324FBE98800DC3EE2 /* iOSExampleTests-Bridging-Header.h */,
			);
			path = iOSExampleTests;
			sourceTree = "<group>";
		};
		A31A2EB4A9AEE2EE9D991BB1 /* Frameworks */ = {
			isa = PBXGroup;
			children = (
				BC4891E7F789D895F10D79D9 /* Pods_iOSExample.framework */,
				F641EBDFA9D034EBED5A007B /* Pods_iOSExampleTests.framework */,
			);
			name = Frameworks;
			sourceTree = "<group>";
		};
		BB6EB75ECAC15EB609270FF7 /* Pods */ = {
			isa = PBXGroup;
			children = (
				F118691234E459D49CD7FCAF /* Pods-iOSExample.debug.xcconfig */,
				7E62A5F5D2DA2A4209144007 /* Pods-iOSExample.release.xcconfig */,
				A42FBDFFCEDA1B6C0E994D03 /* Pods-iOSExampleTests.debug.xcconfig */,
				80870F9B6BB2688B20C2F171 /* Pods-iOSExampleTests.release.xcconfig */,
			);
			path = Pods;
			sourceTree = "<group>";
		};
/* End PBXGroup section */

/* Begin PBXNativeTarget section */
		43047B1724FBDC9D00A8B303 /* iOSExample */ = {
			isa = PBXNativeTarget;
			buildConfigurationList = 43047B3724FBDC9E00A8B303 /* Build configuration list for PBXNativeTarget "iOSExample" */;
			buildPhases = (
				409A3BCCDC019BD67EC7D367 /* [CP] Check Pods Manifest.lock */,
				43047B1424FBDC9D00A8B303 /* Sources */,
				43047B1524FBDC9D00A8B303 /* Frameworks */,
				43047B1624FBDC9D00A8B303 /* Resources */,
				9489831AFE2E12A67C3ECAEE /* [CP] Embed Pods Frameworks */,
			);
			buildRules = (
			);
			dependencies = (
			);
			name = iOSExample;
			productName = iOSExample;
			productReference = 43047B1824FBDC9D00A8B303 /* iOSExample.app */;
			productType = "com.apple.product-type.application";
		};
		43047B2D24FBDC9E00A8B303 /* iOSExampleTests */ = {
			isa = PBXNativeTarget;
			buildConfigurationList = 43047B3A24FBDC9E00A8B303 /* Build configuration list for PBXNativeTarget "iOSExampleTests" */;
			buildPhases = (
				972F07F45743989B008C35AC /* [CP] Check Pods Manifest.lock */,
				43047B2A24FBDC9E00A8B303 /* Sources */,
				43047B2B24FBDC9E00A8B303 /* Frameworks */,
				43047B2C24FBDC9E00A8B303 /* Resources */,
			);
			buildRules = (
			);
			dependencies = (
				43047B3024FBDC9E00A8B303 /* PBXTargetDependency */,
			);
			name = iOSExampleTests;
			productName = iOSExampleTests;
			productReference = 43047B2E24FBDC9E00A8B303 /* iOSExampleTests.xctest */;
			productType = "com.apple.product-type.bundle.unit-test";
		};
/* End PBXNativeTarget section */

/* Begin PBXProject section */
		43047B1024FBDC9D00A8B303 /* Project object */ = {
			isa = PBXProject;
			attributes = {
				LastSwiftUpdateCheck = 1160;
				LastUpgradeCheck = 1160;
				ORGANIZATIONNAME = "Bogdan Kostyuchenko";
				TargetAttributes = {
					43047B1724FBDC9D00A8B303 = {
						CreatedOnToolsVersion = 11.6;
					};
					43047B2D24FBDC9E00A8B303 = {
						CreatedOnToolsVersion = 11.6;
						LastSwiftMigration = 1160;
						TestTargetID = 43047B1724FBDC9D00A8B303;
					};
				};
			};
			buildConfigurationList = 43047B1324FBDC9D00A8B303 /* Build configuration list for PBXProject "iOSExample" */;
			compatibilityVersion = "Xcode 9.3";
			developmentRegion = en;
			hasScannedForEncodings = 0;
			knownRegions = (
				en,
				Base,
			);
			mainGroup = 43047B0F24FBDC9D00A8B303;
			productRefGroup = 43047B1924FBDC9D00A8B303 /* Products */;
			projectDirPath = "";
			projectRoot = "";
			targets = (
				43047B1724FBDC9D00A8B303 /* iOSExample */,
				43047B2D24FBDC9E00A8B303 /* iOSExampleTests */,
			);
		};
/* End PBXProject section */

/* Begin PBXResourcesBuildPhase section */
		43047B1624FBDC9D00A8B303 /* Resources */ = {
			isa = PBXResourcesBuildPhase;
			buildActionMask = 2147483647;
			files = (
				43047B2824FBDC9E00A8B303 /* LaunchScreen.storyboard in Resources */,
				43047B2524FBDC9E00A8B303 /* Assets.xcassets in Resources */,
				43047B2324FBDC9D00A8B303 /* Main.storyboard in Resources */,
			);
			runOnlyForDeploymentPostprocessing = 0;
		};
		43047B2C24FBDC9E00A8B303 /* Resources */ = {
			isa = PBXResourcesBuildPhase;
			buildActionMask = 2147483647;
			files = (
			);
			runOnlyForDeploymentPostprocessing = 0;
		};
/* End PBXResourcesBuildPhase section */

/* Begin PBXShellScriptBuildPhase section */
		409A3BCCDC019BD67EC7D367 /* [CP] Check Pods Manifest.lock */ = {
			isa = PBXShellScriptBuildPhase;
			buildActionMask = 2147483647;
			files = (
			);
			inputFileListPaths = (
			);
			inputPaths = (
				"${PODS_PODFILE_DIR_PATH}/Podfile.lock",
				"${PODS_ROOT}/Manifest.lock",
			);
			name = "[CP] Check Pods Manifest.lock";
			outputFileListPaths = (
			);
			outputPaths = (
				"$(DERIVED_FILE_DIR)/Pods-iOSExample-checkManifestLockResult.txt",
			);
			runOnlyForDeploymentPostprocessing = 0;
			shellPath = /bin/sh;
			shellScript = "diff \"${PODS_PODFILE_DIR_PATH}/Podfile.lock\" \"${PODS_ROOT}/Manifest.lock\" > /dev/null\nif [ $? != 0 ] ; then\n    # print error to STDERR\n    echo \"error: The sandbox is not in sync with the Podfile.lock. Run 'pod install' or update your CocoaPods installation.\" >&2\n    exit 1\nfi\n# This output is used by Xcode 'outputs' to avoid re-running this script phase.\necho \"SUCCESS\" > \"${SCRIPT_OUTPUT_FILE_0}\"\n";
			showEnvVarsInLog = 0;
		};
		9489831AFE2E12A67C3ECAEE /* [CP] Embed Pods Frameworks */ = {
			isa = PBXShellScriptBuildPhase;
			buildActionMask = 2147483647;
			files = (
			);
			inputFileListPaths = (
				"${PODS_ROOT}/Target Support Files/Pods-iOSExample/Pods-iOSExample-frameworks-${CONFIGURATION}-input-files.xcfilelist",
			);
			name = "[CP] Embed Pods Frameworks";
			outputFileListPaths = (
				"${PODS_ROOT}/Target Support Files/Pods-iOSExample/Pods-iOSExample-frameworks-${CONFIGURATION}-output-files.xcfilelist",
			);
			runOnlyForDeploymentPostprocessing = 0;
			shellPath = /bin/sh;
			shellScript = "\"${PODS_ROOT}/Target Support Files/Pods-iOSExample/Pods-iOSExample-frameworks.sh\"\n";
			showEnvVarsInLog = 0;
		};
		972F07F45743989B008C35AC /* [CP] Check Pods Manifest.lock */ = {
			isa = PBXShellScriptBuildPhase;
			buildActionMask = 2147483647;
			files = (
			);
			inputFileListPaths = (
			);
			inputPaths = (
				"${PODS_PODFILE_DIR_PATH}/Podfile.lock",
				"${PODS_ROOT}/Manifest.lock",
			);
			name = "[CP] Check Pods Manifest.lock";
			outputFileListPaths = (
			);
			outputPaths = (
				"$(DERIVED_FILE_DIR)/Pods-iOSExampleTests-checkManifestLockResult.txt",
			);
			runOnlyForDeploymentPostprocessing = 0;
			shellPath = /bin/sh;
			shellScript = "diff \"${PODS_PODFILE_DIR_PATH}/Podfile.lock\" \"${PODS_ROOT}/Manifest.lock\" > /dev/null\nif [ $? != 0 ] ; then\n    # print error to STDERR\n    echo \"error: The sandbox is not in sync with the Podfile.lock. Run 'pod install' or update your CocoaPods installation.\" >&2\n    exit 1\nfi\n# This output is used by Xcode 'outputs' to avoid re-running this script phase.\necho \"SUCCESS\" > \"${SCRIPT_OUTPUT_FILE_0}\"\n";
			showEnvVarsInLog = 0;
		};
/* End PBXShellScriptBuildPhase section */

/* Begin PBXSourcesBuildPhase section */
		43047B1424FBDC9D00A8B303 /* Sources */ = {
			isa = PBXSourcesBuildPhase;
			buildActionMask = 2147483647;
			files = (
				43047B2024FBDC9D00A8B303 /* ViewController.swift in Sources */,
				43047B1C24FBDC9D00A8B303 /* AppDelegate.swift in Sources */,
			);
			runOnlyForDeploymentPostprocessing = 0;
		};
		43047B2A24FBDC9E00A8B303 /* Sources */ = {
			isa = PBXSourcesBuildPhase;
			buildActionMask = 2147483647;
			files = (
				4353977924FBEB9000DC3EE2 /* SecureKeychainTests.swift in Sources */,
				4353977724FBEB5600DC3EE2 /* iOSExampleTests.swift in Sources */,
			);
			runOnlyForDeploymentPostprocessing = 0;
		};
/* End PBXSourcesBuildPhase section */

/* Begin PBXTargetDependency section */
		43047B3024FBDC9E00A8B303 /* PBXTargetDependency */ = {
			isa = PBXTargetDependency;
			target = 43047B1724FBDC9D00A8B303 /* iOSExample */;
			targetProxy = 43047B2F24FBDC9E00A8B303 /* PBXContainerItemProxy */;
		};
/* End PBXTargetDependency section */

/* Begin PBXVariantGroup section */
		43047B2124FBDC9D00A8B303 /* Main.storyboard */ = {
			isa = PBXVariantGroup;
			children = (
				43047B2224FBDC9D00A8B303 /* Base */,
			);
			name = Main.storyboard;
			sourceTree = "<group>";
		};
		43047B2624FBDC9E00A8B303 /* LaunchScreen.storyboard */ = {
			isa = PBXVariantGroup;
			children = (
				43047B2724FBDC9E00A8B303 /* Base */,
			);
			name = LaunchScreen.storyboard;
			sourceTree = "<group>";
		};
/* End PBXVariantGroup section */

/* Begin XCBuildConfiguration section */
		43047B3524FBDC9E00A8B303 /* Debug */ = {
			isa = XCBuildConfiguration;
			buildSettings = {
				ALWAYS_SEARCH_USER_PATHS = NO;
				CLANG_ANALYZER_NONNULL = YES;
				CLANG_ANALYZER_NUMBER_OBJECT_CONVERSION = YES_AGGRESSIVE;
				CLANG_CXX_LANGUAGE_STANDARD = "gnu++14";
				CLANG_CXX_LIBRARY = "libc++";
				CLANG_ENABLE_MODULES = YES;
				CLANG_ENABLE_OBJC_ARC = YES;
				CLANG_ENABLE_OBJC_WEAK = YES;
				CLANG_WARN_BLOCK_CAPTURE_AUTORELEASING = YES;
				CLANG_WARN_BOOL_CONVERSION = YES;
				CLANG_WARN_COMMA = YES;
				CLANG_WARN_CONSTANT_CONVERSION = YES;
				CLANG_WARN_DEPRECATED_OBJC_IMPLEMENTATIONS = YES;
				CLANG_WARN_DIRECT_OBJC_ISA_USAGE = YES_ERROR;
				CLANG_WARN_DOCUMENTATION_COMMENTS = YES;
				CLANG_WARN_EMPTY_BODY = YES;
				CLANG_WARN_ENUM_CONVERSION = YES;
				CLANG_WARN_INFINITE_RECURSION = YES;
				CLANG_WARN_INT_CONVERSION = YES;
				CLANG_WARN_NON_LITERAL_NULL_CONVERSION = YES;
				CLANG_WARN_OBJC_IMPLICIT_RETAIN_SELF = YES;
				CLANG_WARN_OBJC_LITERAL_CONVERSION = YES;
				CLANG_WARN_OBJC_ROOT_CLASS = YES_ERROR;
				CLANG_WARN_RANGE_LOOP_ANALYSIS = YES;
				CLANG_WARN_STRICT_PROTOTYPES = YES;
				CLANG_WARN_SUSPICIOUS_MOVE = YES;
				CLANG_WARN_UNGUARDED_AVAILABILITY = YES_AGGRESSIVE;
				CLANG_WARN_UNREACHABLE_CODE = YES;
				CLANG_WARN__DUPLICATE_METHOD_MATCH = YES;
				COPY_PHASE_STRIP = NO;
				DEBUG_INFORMATION_FORMAT = dwarf;
				ENABLE_STRICT_OBJC_MSGSEND = YES;
				ENABLE_TESTABILITY = YES;
				GCC_C_LANGUAGE_STANDARD = gnu11;
				GCC_DYNAMIC_NO_PIC = NO;
				GCC_NO_COMMON_BLOCKS = YES;
				GCC_OPTIMIZATION_LEVEL = 0;
				GCC_PREPROCESSOR_DEFINITIONS = (
					"DEBUG=1",
					"$(inherited)",
				);
				GCC_WARN_64_TO_32_BIT_CONVERSION = YES;
				GCC_WARN_ABOUT_RETURN_TYPE = YES_ERROR;
				GCC_WARN_UNDECLARED_SELECTOR = YES;
				GCC_WARN_UNINITIALIZED_AUTOS = YES_AGGRESSIVE;
				GCC_WARN_UNUSED_FUNCTION = YES;
				GCC_WARN_UNUSED_VARIABLE = YES;
				IPHONEOS_DEPLOYMENT_TARGET = 11.0;
				MTL_ENABLE_DEBUG_INFO = INCLUDE_SOURCE;
				MTL_FAST_MATH = YES;
				ONLY_ACTIVE_ARCH = YES;
				SDKROOT = iphoneos;
				SWIFT_ACTIVE_COMPILATION_CONDITIONS = DEBUG;
				SWIFT_OPTIMIZATION_LEVEL = "-Onone";
			};
			name = Debug;
		};
		43047B3624FBDC9E00A8B303 /* Release */ = {
			isa = XCBuildConfiguration;
			buildSettings = {
				ALWAYS_SEARCH_USER_PATHS = NO;
				CLANG_ANALYZER_NONNULL = YES;
				CLANG_ANALYZER_NUMBER_OBJECT_CONVERSION = YES_AGGRESSIVE;
				CLANG_CXX_LANGUAGE_STANDARD = "gnu++14";
				CLANG_CXX_LIBRARY = "libc++";
				CLANG_ENABLE_MODULES = YES;
				CLANG_ENABLE_OBJC_ARC = YES;
				CLANG_ENABLE_OBJC_WEAK = YES;
				CLANG_WARN_BLOCK_CAPTURE_AUTORELEASING = YES;
				CLANG_WARN_BOOL_CONVERSION = YES;
				CLANG_WARN_COMMA = YES;
				CLANG_WARN_CONSTANT_CONVERSION = YES;
				CLANG_WARN_DEPRECATED_OBJC_IMPLEMENTATIONS = YES;
				CLANG_WARN_DIRECT_OBJC_ISA_USAGE = YES_ERROR;
				CLANG_WARN_DOCUMENTATION_COMMENTS = YES;
				CLANG_WARN_EMPTY_BODY = YES;
				CLANG_WARN_ENUM_CONVERSION = YES;
				CLANG_WARN_INFINITE_RECURSION = YES;
				CLANG_WARN_INT_CONVERSION = YES;
				CLANG_WARN_NON_LITERAL_NULL_CONVERSION = YES;
				CLANG_WARN_OBJC_IMPLICIT_RETAIN_SELF = YES;
				CLANG_WARN_OBJC_LITERAL_CONVERSION = YES;
				CLANG_WARN_OBJC_ROOT_CLASS = YES_ERROR;
				CLANG_WARN_RANGE_LOOP_ANALYSIS = YES;
				CLANG_WARN_STRICT_PROTOTYPES = YES;
				CLANG_WARN_SUSPICIOUS_MOVE = YES;
				CLANG_WARN_UNGUARDED_AVAILABILITY = YES_AGGRESSIVE;
				CLANG_WARN_UNREACHABLE_CODE = YES;
				CLANG_WARN__DUPLICATE_METHOD_MATCH = YES;
				COPY_PHASE_STRIP = NO;
				DEBUG_INFORMATION_FORMAT = "dwarf-with-dsym";
				ENABLE_NS_ASSERTIONS = NO;
				ENABLE_STRICT_OBJC_MSGSEND = YES;
				GCC_C_LANGUAGE_STANDARD = gnu11;
				GCC_NO_COMMON_BLOCKS = YES;
				GCC_WARN_64_TO_32_BIT_CONVERSION = YES;
				GCC_WARN_ABOUT_RETURN_TYPE = YES_ERROR;
				GCC_WARN_UNDECLARED_SELECTOR = YES;
				GCC_WARN_UNINITIALIZED_AUTOS = YES_AGGRESSIVE;
				GCC_WARN_UNUSED_FUNCTION = YES;
				GCC_WARN_UNUSED_VARIABLE = YES;
				IPHONEOS_DEPLOYMENT_TARGET = 11.0;
				MTL_ENABLE_DEBUG_INFO = NO;
				MTL_FAST_MATH = YES;
				SDKROOT = iphoneos;
				SWIFT_COMPILATION_MODE = wholemodule;
				SWIFT_OPTIMIZATION_LEVEL = "-O";
				VALIDATE_PRODUCT = YES;
			};
			name = Release;
		};
		43047B3824FBDC9E00A8B303 /* Debug */ = {
			isa = XCBuildConfiguration;
			baseConfigurationReference = F118691234E459D49CD7FCAF /* Pods-iOSExample.debug.xcconfig */;
			buildSettings = {
				ASSETCATALOG_COMPILER_APPICON_NAME = AppIcon;
				CODE_SIGN_ENTITLEMENTS = iOSExample/iOSExample.entitlements;
				CODE_SIGN_STYLE = Automatic;
				DEVELOPMENT_TEAM = Q9WXSNT6UT;
				INFOPLIST_FILE = iOSExample/Info.plist;
				LD_RUNPATH_SEARCH_PATHS = (
					"$(inherited)",
					"@executable_path/Frameworks",
				);
				PRODUCT_BUNDLE_IDENTIFIER = ru.kostyuchenko.SecureKeychain.iOSExample;
				PRODUCT_NAME = "$(TARGET_NAME)";
				SWIFT_VERSION = 5.0;
				TARGETED_DEVICE_FAMILY = "1,2";
				TVOS_DEPLOYMENT_TARGET = 9.0;
			};
			name = Debug;
		};
		43047B3924FBDC9E00A8B303 /* Release */ = {
			isa = XCBuildConfiguration;
			baseConfigurationReference = 7E62A5F5D2DA2A4209144007 /* Pods-iOSExample.release.xcconfig */;
			buildSettings = {
				ASSETCATALOG_COMPILER_APPICON_NAME = AppIcon;
				CODE_SIGN_ENTITLEMENTS = iOSExample/iOSExample.entitlements;
				CODE_SIGN_STYLE = Automatic;
				DEVELOPMENT_TEAM = Q9WXSNT6UT;
				INFOPLIST_FILE = iOSExample/Info.plist;
				LD_RUNPATH_SEARCH_PATHS = (
					"$(inherited)",
					"@executable_path/Frameworks",
				);
				PRODUCT_BUNDLE_IDENTIFIER = ru.kostyuchenko.SecureKeychain.iOSExample;
				PRODUCT_NAME = "$(TARGET_NAME)";
				SWIFT_VERSION = 5.0;
				TARGETED_DEVICE_FAMILY = "1,2";
				TVOS_DEPLOYMENT_TARGET = 9.0;
			};
			name = Release;
		};
		43047B3B24FBDC9E00A8B303 /* Debug */ = {
			isa = XCBuildConfiguration;
			baseConfigurationReference = A42FBDFFCEDA1B6C0E994D03 /* Pods-iOSExampleTests.debug.xcconfig */;
			buildSettings = {
				ALWAYS_EMBED_SWIFT_STANDARD_LIBRARIES = YES;
				BUNDLE_LOADER = "$(TEST_HOST)";
				CLANG_ENABLE_MODULES = YES;
				CODE_SIGN_STYLE = Automatic;
				DEVELOPMENT_TEAM = Q9WXSNT6UT;
				INFOPLIST_FILE = iOSExampleTests/Info.plist;
				IPHONEOS_DEPLOYMENT_TARGET = 11.0;
				LD_RUNPATH_SEARCH_PATHS = (
					"$(inherited)",
					"@executable_path/Frameworks",
					"@loader_path/Frameworks",
				);
				PRODUCT_BUNDLE_IDENTIFIER = ru.kostyuchenko.SecureKeychain.iOSExampleTests;
				PRODUCT_NAME = "$(TARGET_NAME)";
				SWIFT_OBJC_BRIDGING_HEADER = "iOSExampleTests/iOSExampleTests-Bridging-Header.h";
				SWIFT_OPTIMIZATION_LEVEL = "-Onone";
				SWIFT_VERSION = 5.0;
				TARGETED_DEVICE_FAMILY = "1,2";
				TEST_HOST = "$(BUILT_PRODUCTS_DIR)/iOSExample.app/iOSExample";
				TVOS_DEPLOYMENT_TARGET = 9.0;
			};
			name = Debug;
		};
		43047B3C24FBDC9E00A8B303 /* Release */ = {
			isa = XCBuildConfiguration;
			baseConfigurationReference = 80870F9B6BB2688B20C2F171 /* Pods-iOSExampleTests.release.xcconfig */;
			buildSettings = {
				ALWAYS_EMBED_SWIFT_STANDARD_LIBRARIES = YES;
				BUNDLE_LOADER = "$(TEST_HOST)";
				CLANG_ENABLE_MODULES = YES;
				CODE_SIGN_STYLE = Automatic;
				DEVELOPMENT_TEAM = Q9WXSNT6UT;
				INFOPLIST_FILE = iOSExampleTests/Info.plist;
				IPHONEOS_DEPLOYMENT_TARGET = 11.0;
				LD_RUNPATH_SEARCH_PATHS = (
					"$(inherited)",
					"@executable_path/Frameworks",
					"@loader_path/Frameworks",
				);
				PRODUCT_BUNDLE_IDENTIFIER = ru.kostyuchenko.SecureKeychain.iOSExampleTests;
				PRODUCT_NAME = "$(TARGET_NAME)";
				SWIFT_OBJC_BRIDGING_HEADER = "iOSExampleTests/iOSExampleTests-Bridging-Header.h";
				SWIFT_VERSION = 5.0;
				TARGETED_DEVICE_FAMILY = "1,2";
				TEST_HOST = "$(BUILT_PRODUCTS_DIR)/iOSExample.app/iOSExample";
				TVOS_DEPLOYMENT_TARGET = 9.0;
			};
			name = Release;
		};
/* End XCBuildConfiguration section */

/* Begin XCConfigurationList section */
		43047B1324FBDC9D00A8B303 /* Build configuration list for PBXProject "iOSExample" */ = {
			isa = XCConfigurationList;
			buildConfigurations = (
				43047B3524FBDC9E00A8B303 /* Debug */,
				43047B3624FBDC9E00A8B303 /* Release */,
			);
			defaultConfigurationIsVisible = 0;
			defaultConfigurationName = Release;
		};
		43047B3724FBDC9E00A8B303 /* Build configuration list for PBXNativeTarget "iOSExample" */ = {
			isa = XCConfigurationList;
			buildConfigurations = (
				43047B3824FBDC9E00A8B303 /* Debug */,
				43047B3924FBDC9E00A8B303 /* Release */,
			);
			defaultConfigurationIsVisible = 0;
			defaultConfigurationName = Release;
		};
		43047B3A24FBDC9E00A8B303 /* Build configuration list for PBXNativeTarget "iOSExampleTests" */ = {
			isa = XCConfigurationList;
			buildConfigurations = (
				43047B3B24FBDC9E00A8B303 /* Debug */,
				43047B3C24FBDC9E00A8B303 /* Release */,
			);
			defaultConfigurationIsVisible = 0;
			defaultConfigurationName = Release;
		};
/* End XCConfigurationList section */
	};
	rootObject = 43047B1024FBDC9D00A8B303 /* Project object */;
}
