PODS:
  - SecureKeychain (1.0.0)

DEPENDENCIES:
  - SecureKeychain (from `../SecureKeychain/`)

EXTERNAL SOURCES:
  SecureKeychain:
    :path: "../SecureKeychain/"

SPEC CHECKSUMS:
  SecureKeychain: 55c2beb336e68cd7e79fbc5dea627d9cea5a40f8

PODFILE CHECKSUM: 8c94b52860a27d1bd25fbf54e97b21135f74dc3f

COCOAPODS: 1.9.3
